
Microsoft Visual Studio Solution File, Format Version 12.00
# Visual Studio Version 17
VisualStudioVersion = 17.1.32210.238
MinimumVisualStudioVersion = 10.0.40219.1
Project("{FAE04EC0-301F-11D3-BF4B-00C04F79EFBC}") = "SonPrac", "SonPrac\SonPrac.csproj", "{29028A42-AB39-463D-97DA-89C4E4C88B7D}"
EndProject
Global
	GlobalSection(SolutionConfigurationPlatforms) = preSolution
		Debug|Any CPU = Debug|Any CPU
		Release|Any CPU = Release|Any CPU
	EndGlobalSection
	GlobalSection(ProjectConfigurationPlatforms) = postSolution
		{29028A42-AB39-463D-97DA-89C4E4C88B7D}.Debug|Any CPU.ActiveCfg = Debug|Any CPU
		{29028A42-AB39-463D-97DA-89C4E4C88B7D}.Debug|Any CPU.Build.0 = Debug|Any CPU
		{29028A42-AB39-463D-97DA-89C4E4C88B7D}.Release|Any CPU.ActiveCfg = Release|Any CPU
		{29028A42-AB39-463D-97DA-89C4E4C88B7D}.Release|Any CPU.Build.0 = Release|Any CPU
	EndGlobalSection
	GlobalSection(SolutionProperties) = preSolution
		HideSolutionNode = FALSE
	EndGlobalSection
	GlobalSection(ExtensibilityGlobals) = postSolution
		SolutionGuid = {50632623-DCD5-4399-BD99-DB56BA7D7CA3}
	EndGlobalSection
EndGlobal
